
Microsoft Visual Studio Solution File, Format Version 12.00
# Visual Studio Version 17
VisualStudioVersion = 17.1.32319.34
MinimumVisualStudioVersion = 10.0.40219.1
Project("{8BC9CEB8-8B4A-11D0-8D11-00A0C91BC942}") = "Pointers", "Pointers\Pointers.vcxproj", "{83B53EDF-3281-4CDA-B8CF-385C30ABA48D}"
EndProject
Project("{8BC9CEB8-8B4A-11D0-8D11-00A0C91BC942}") = "TransferParameters", "ек\ек.vcxproj", "{D4E9A86B-F8D3-42B1-AA00-7D0F93946E13}"
EndProject
Project("{8BC9CEB8-8B4A-11D0-8D11-00A0C91BC942}") = "References", "References\References.vcxproj", "{6A3BDA6B-2A71-437B-B9E5-42352AF138E3}"
EndProject
Project("{8BC9CEB8-8B4A-11D0-8D11-00A0C91BC942}") = "Split", "Split\Split.vcxproj", "{0F75302C-513E-4693-9D50-D9A8C3155A43}"
EndProject
Global
	GlobalSection(SolutionConfigurationPlatforms) = preSolution
		Debug|x64 = Debug|x64
		Debug|x86 = Debug|x86
		Release|x64 = Release|x64
		Release|x86 = Release|x86
	EndGlobalSection
	GlobalSection(ProjectConfigurationPlatforms) = postSolution
		{83B53EDF-3281-4CDA-B8CF-385C30ABA48D}.Debug|x64.ActiveCfg = Debug|x64
		{83B53EDF-3281-4CDA-B8CF-385C30ABA48D}.Debug|x64.Build.0 = Debug|x64
		{83B53EDF-3281-4CDA-B8CF-385C30ABA48D}.Debug|x86.ActiveCfg = Debug|Win32
		{83B53EDF-3281-4CDA-B8CF-385C30ABA48D}.Debug|x86.Build.0 = Debug|Win32
		{83B53EDF-3281-4CDA-B8CF-385C30ABA48D}.Release|x64.ActiveCfg = Release|x64
		{83B53EDF-3281-4CDA-B8CF-385C30ABA48D}.Release|x64.Build.0 = Release|x64
		{83B53EDF-3281-4CDA-B8CF-385C30ABA48D}.Release|x86.ActiveCfg = Release|Win32
		{83B53EDF-3281-4CDA-B8CF-385C30ABA48D}.Release|x86.Build.0 = Release|Win32
		{D4E9A86B-F8D3-42B1-AA00-7D0F93946E13}.Debug|x64.ActiveCfg = Debug|x64
		{D4E9A86B-F8D3-42B1-AA00-7D0F93946E13}.Debug|x64.Build.0 = Debug|x64
		{D4E9A86B-F8D3-42B1-AA00-7D0F93946E13}.Debug|x86.ActiveCfg = Debug|Win32
		{D4E9A86B-F8D3-42B1-AA00-7D0F93946E13}.Debug|x86.Build.0 = Debug|Win32
		{D4E9A86B-F8D3-42B1-AA00-7D0F93946E13}.Release|x64.ActiveCfg = Release|x64
		{D4E9A86B-F8D3-42B1-AA00-7D0F93946E13}.Release|x64.Build.0 = Release|x64
		{D4E9A86B-F8D3-42B1-AA00-7D0F93946E13}.Release|x86.ActiveCfg = Release|Win32
		{D4E9A86B-F8D3-42B1-AA00-7D0F93946E13}.Release|x86.Build.0 = Release|Win32
		{6A3BDA6B-2A71-437B-B9E5-42352AF138E3}.Debug|x64.ActiveCfg = Debug|x64
		{6A3BDA6B-2A71-437B-B9E5-42352AF138E3}.Debug|x64.Build.0 = Debug|x64
		{6A3BDA6B-2A71-437B-B9E5-42352AF138E3}.Debug|x86.ActiveCfg = Debug|Win32
		{6A3BDA6B-2A71-437B-B9E5-42352AF138E3}.Debug|x86.Build.0 = Debug|Win32
		{6A3BDA6B-2A71-437B-B9E5-42352AF138E3}.Release|x64.ActiveCfg = Release|x64
		{6A3BDA6B-2A71-437B-B9E5-42352AF138E3}.Release|x64.Build.0 = Release|x64
		{6A3BDA6B-2A71-437B-B9E5-42352AF138E3}.Release|x86.ActiveCfg = Release|Win32
		{6A3BDA6B-2A71-437B-B9E5-42352AF138E3}.Release|x86.Build.0 = Release|Win32
		{0F75302C-513E-4693-9D50-D9A8C3155A43}.Debug|x64.ActiveCfg = Debug|x64
		{0F75302C-513E-4693-9D50-D9A8C3155A43}.Debug|x64.Build.0 = Debug|x64
		{0F75302C-513E-4693-9D50-D9A8C3155A43}.Debug|x86.ActiveCfg = Debug|Win32
		{0F75302C-513E-4693-9D50-D9A8C3155A43}.Debug|x86.Build.0 = Debug|Win32
		{0F75302C-513E-4693-9D50-D9A8C3155A43}.Release|x64.ActiveCfg = Release|x64
		{0F75302C-513E-4693-9D50-D9A8C3155A43}.Release|x64.Build.0 = Release|x64
		{0F75302C-513E-4693-9D50-D9A8C3155A43}.Release|x86.ActiveCfg = Release|Win32
		{0F75302C-513E-4693-9D50-D9A8C3155A43}.Release|x86.Build.0 = Release|Win32
	EndGlobalSection
	GlobalSection(SolutionProperties) = preSolution
		HideSolutionNode = FALSE
	EndGlobalSection
	GlobalSection(ExtensibilityGlobals) = postSolution
		SolutionGuid = {B526675F-EA29-45B5-BBF9-32D687912287}
	EndGlobalSection
EndGlobal
